// !$*UTF8*$!
{
	archiveVersion = 1;
	classes = {
	};
	objectVersion = 55;
	objects = {

/* Begin PBXBuildFile section */
		6A8B962F2726DA460066917E /* mvvmDemoTests.swift in Sources */ = {isa = PBXBuildFile; fileRef = 6A8B962E2726DA460066917E /* mvvmDemoTests.swift */; };
		6A8B963C2726DA600066917E /* mvvmDemoUITests.swift in Sources */ = {isa = PBXBuildFile; fileRef = 6A8B963B2726DA600066917E /* mvvmDemoUITests.swift */; };
		6A8B963E2726DA600066917E /* mvvmDemoUITestsLaunchTests.swift in Sources */ = {isa = PBXBuildFile; fileRef = 6A8B963D2726DA600066917E /* mvvmDemoUITestsLaunchTests.swift */; };
		6A8B96452726E47C0066917E /* Users.swift in Sources */ = {isa = PBXBuildFile; fileRef = 6A8B96442726E47C0066917E /* Users.swift */; };
		6AED2405272275DC007EC94B /* AppDelegate.swift in Sources */ = {isa = PBXBuildFile; fileRef = 6AED2404272275DC007EC94B /* AppDelegate.swift */; };
		6AED2407272275DC007EC94B /* SceneDelegate.swift in Sources */ = {isa = PBXBuildFile; fileRef = 6AED2406272275DC007EC94B /* SceneDelegate.swift */; };
		6AED2409272275DC007EC94B /* ViewController.swift in Sources */ = {isa = PBXBuildFile; fileRef = 6AED2408272275DC007EC94B /* ViewController.swift */; };
		6AED240C272275DC007EC94B /* Main.storyboard in Resources */ = {isa = PBXBuildFile; fileRef = 6AED240A272275DC007EC94B /* Main.storyboard */; };
		6AED240E272275DD007EC94B /* Assets.xcassets in Resources */ = {isa = PBXBuildFile; fileRef = 6AED240D272275DD007EC94B /* Assets.xcassets */; };
		6AED2411272275DD007EC94B /* LaunchScreen.storyboard in Resources */ = {isa = PBXBuildFile; fileRef = 6AED240F272275DD007EC94B /* LaunchScreen.storyboard */; };
		6AED241A272277F9007EC94B /* Employees.swift in Sources */ = {isa = PBXBuildFile; fileRef = 6AED2419272277F9007EC94B /* Employees.swift */; };
		6AED241D27227878007EC94B /* Parser.swift in Sources */ = {isa = PBXBuildFile; fileRef = 6AED241C27227878007EC94B /* Parser.swift */; };
/* End PBXBuildFile section */

/* Begin PBXContainerItemProxy section */
		6A8B96302726DA460066917E /* PBXContainerItemProxy */ = {
			isa = PBXContainerItemProxy;
			containerPortal = 6AED23F9272275DC007EC94B /* Project object */;
			proxyType = 1;
			remoteGlobalIDString = 6AED2400272275DC007EC94B;
			remoteInfo = mvvmDemo;
		};
		6A8B963F2726DA600066917E /* PBXContainerItemProxy */ = {
			isa = PBXContainerItemProxy;
			containerPortal = 6AED23F9272275DC007EC94B /* Project object */;
			proxyType = 1;
			remoteGlobalIDString = 6AED2400272275DC007EC94B;
			remoteInfo = mvvmDemo;
		};
/* End PBXContainerItemProxy section */

/* Begin PBXFileReference section */
		6A8B962C2726DA460066917E /* mvvmDemoTests.xctest */ = {isa = PBXFileReference; explicitFileType = wrapper.cfbundle; includeInIndex = 0; path = mvvmDemoTests.xctest; sourceTree = BUILT_PRODUCTS_DIR; };
		6A8B962E2726DA460066917E /* mvvmDemoTests.swift */ = {isa = PBXFileReference; lastKnownFileType = sourcecode.swift; path = mvvmDemoTests.swift; sourceTree = "<group>"; };
		6A8B96392726DA600066917E /* mvvmDemoUITests.xctest */ = {isa = PBXFileReference; explicitFileType = wrapper.cfbundle; includeInIndex = 0; path = mvvmDemoUITests.xctest; sourceTree = BUILT_PRODUCTS_DIR; };
		6A8B963B2726DA600066917E /* mvvmDemoUITests.swift */ = {isa = PBXFileReference; lastKnownFileType = sourcecode.swift; path = mvvmDemoUITests.swift; sourceTree = "<group>"; };
		6A8B963D2726DA600066917E /* mvvmDemoUITestsLaunchTests.swift */ = {isa = PBXFileReference; lastKnownFileType = sourcecode.swift; path = mvvmDemoUITestsLaunchTests.swift; sourceTree = "<group>"; };
		6A8B96442726E47C0066917E /* Users.swift */ = {isa = PBXFileReference; lastKnownFileType = sourcecode.swift; name = Users.swift; path = ../../../../../../Users.swift; sourceTree = "<group>"; };
		6AED2401272275DC007EC94B /* mvvmDemo.app */ = {isa = PBXFileReference; explicitFileType = wrapper.application; includeInIndex = 0; path = mvvmDemo.app; sourceTree = BUILT_PRODUCTS_DIR; };
		6AED2404272275DC007EC94B /* AppDelegate.swift */ = {isa = PBXFileReference; lastKnownFileType = sourcecode.swift; path = AppDelegate.swift; sourceTree = "<group>"; };
		6AED2406272275DC007EC94B /* SceneDelegate.swift */ = {isa = PBXFileReference; lastKnownFileType = sourcecode.swift; path = SceneDelegate.swift; sourceTree = "<group>"; };
		6AED2408272275DC007EC94B /* ViewController.swift */ = {isa = PBXFileReference; lastKnownFileType = sourcecode.swift; path = ViewController.swift; sourceTree = "<group>"; };
		6AED240B272275DC007EC94B /* Base */ = {isa = PBXFileReference; lastKnownFileType = file.storyboard; name = Base; path = Base.lproj/Main.storyboard; sourceTree = "<group>"; };
		6AED240D272275DD007EC94B /* Assets.xcassets */ = {isa = PBXFileReference; lastKnownFileType = folder.assetcatalog; path = Assets.xcassets; sourceTree = "<group>"; };
		6AED2410272275DD007EC94B /* Base */ = {isa = PBXFileReference; lastKnownFileType = file.storyboard; name = Base; path = Base.lproj/LaunchScreen.storyboard; sourceTree = "<group>"; };
		6AED2412272275DD007EC94B /* Info.plist */ = {isa = PBXFileReference; lastKnownFileType = text.plist.xml; path = Info.plist; sourceTree = "<group>"; };
		6AED2419272277F9007EC94B /* Employees.swift */ = {isa = PBXFileReference; lastKnownFileType = sourcecode.swift; path = Employees.swift; sourceTree = "<group>"; };
		6AED241C27227878007EC94B /* Parser.swift */ = {isa = PBXFileReference; lastKnownFileType = sourcecode.swift; path = Parser.swift; sourceTree = "<group>"; };
/* End PBXFileReference section */

/* Begin PBXFrameworksBuildPhase section */
		6A8B96292726DA460066917E /* Frameworks */ = {
			isa = PBXFrameworksBuildPhase;
			buildActionMask = 2147483647;
			files = (
			);
			runOnlyForDeploymentPostprocessing = 0;
		};
		6A8B96362726DA600066917E /* Frameworks */ = {
			isa = PBXFrameworksBuildPhase;
			buildActionMask = 2147483647;
			files = (
			);
			runOnlyForDeploymentPostprocessing = 0;
		};
		6AED23FE272275DC007EC94B /* Frameworks */ = {
			isa = PBXFrameworksBuildPhase;
			buildActionMask = 2147483647;
			files = (
			);
			runOnlyForDeploymentPostprocessing = 0;
		};
/* End PBXFrameworksBuildPhase section */

/* Begin PBXGroup section */
		6A8B962D2726DA460066917E /* mvvmDemoTests */ = {
			isa = PBXGroup;
			children = (
				6A8B962E2726DA460066917E /* mvvmDemoTests.swift */,
			);
			path = mvvmDemoTests;
			sourceTree = "<group>";
		};
		6A8B963A2726DA600066917E /* mvvmDemoUITests */ = {
			isa = PBXGroup;
			children = (
				6A8B963B2726DA600066917E /* mvvmDemoUITests.swift */,
				6A8B963D2726DA600066917E /* mvvmDemoUITestsLaunchTests.swift */,
			);
			path = mvvmDemoUITests;
			sourceTree = "<group>";
		};
		6AED23F8272275DC007EC94B = {
			isa = PBXGroup;
			children = (
				6AED2403272275DC007EC94B /* mvvmDemo */,
				6A8B962D2726DA460066917E /* mvvmDemoTests */,
				6A8B963A2726DA600066917E /* mvvmDemoUITests */,
				6AED2402272275DC007EC94B /* Products */,
			);
			sourceTree = "<group>";
		};
		6AED2402272275DC007EC94B /* Products */ = {
			isa = PBXGroup;
			children = (
				6AED2401272275DC007EC94B /* mvvmDemo.app */,
				6A8B962C2726DA460066917E /* mvvmDemoTests.xctest */,
				6A8B96392726DA600066917E /* mvvmDemoUITests.xctest */,
			);
			name = Products;
			sourceTree = "<group>";
		};
		6AED2403272275DC007EC94B /* mvvmDemo */ = {
			isa = PBXGroup;
			children = (
				6AED2404272275DC007EC94B /* AppDelegate.swift */,
				6AED2406272275DC007EC94B /* SceneDelegate.swift */,
				6AED242327228776007EC94B /* Employee */,
				6AED240A272275DC007EC94B /* Main.storyboard */,
				6AED240D272275DD007EC94B /* Assets.xcassets */,
				6AED240F272275DD007EC94B /* LaunchScreen.storyboard */,
				6AED2412272275DD007EC94B /* Info.plist */,
			);
			path = mvvmDemo;
			sourceTree = "<group>";
		};
		6AED2418272277E5007EC94B /* Model */ = {
			isa = PBXGroup;
			children = (
				6AED2419272277F9007EC94B /* Employees.swift */,
				6A8B96442726E47C0066917E /* Users.swift */,
			);
			path = Model;
			sourceTree = "<group>";
		};
		6AED241B2722785B007EC94B /* ViewModel */ = {
			isa = PBXGroup;
			children = (
				6AED241C27227878007EC94B /* Parser.swift */,
			);
			path = ViewModel;
			sourceTree = "<group>";
		};
		6AED241E27227E7C007EC94B /* Controller */ = {
			isa = PBXGroup;
			children = (
				6AED2408272275DC007EC94B /* ViewController.swift */,
			);
			path = Controller;
			sourceTree = "<group>";
		};
		6AED242327228776007EC94B /* Employee */ = {
			isa = PBXGroup;
			children = (
				6AED241B2722785B007EC94B /* ViewModel */,
				6AED2418272277E5007EC94B /* Model */,
				6AED241E27227E7C007EC94B /* Controller */,
			);
			path = Employee;
			sourceTree = "<group>";
		};
/* End PBXGroup section */

/* Begin PBXNativeTarget section */
		6A8B962B2726DA460066917E /* mvvmDemoTests */ = {
			isa = PBXNativeTarget;
			buildConfigurationList = 6A8B96342726DA460066917E /* Build configuration list for PBXNativeTarget "mvvmDemoTests" */;
			buildPhases = (
				6A8B96282726DA460066917E /* Sources */,
				6A8B96292726DA460066917E /* Frameworks */,
				6A8B962A2726DA460066917E /* Resources */,
			);
			buildRules = (
			);
			dependencies = (
				6A8B96312726DA460066917E /* PBXTargetDependency */,
			);
			name = mvvmDemoTests;
			productName = mvvmDemoTests;
			productReference = 6A8B962C2726DA460066917E /* mvvmDemoTests.xctest */;
			productType = "com.apple.product-type.bundle.unit-test";
		};
		6A8B96382726DA600066917E /* mvvmDemoUITests */ = {
			isa = PBXNativeTarget;
			buildConfigurationList = 6A8B96412726DA600066917E /* Build configuration list for PBXNativeTarget "mvvmDemoUITests" */;
			buildPhases = (
				6A8B96352726DA600066917E /* Sources */,
				6A8B96362726DA600066917E /* Frameworks */,
				6A8B96372726DA600066917E /* Resources */,
			);
			buildRules = (
			);
			dependencies = (
				6A8B96402726DA600066917E /* PBXTargetDependency */,
			);
			name = mvvmDemoUITests;
			productName = mvvmDemoUITests;
			productReference = 6A8B96392726DA600066917E /* mvvmDemoUITests.xctest */;
			productType = "com.apple.product-type.bundle.ui-testing";
		};
		6AED2400272275DC007EC94B /* mvvmDemo */ = {
			isa = PBXNativeTarget;
			buildConfigurationList = 6AED2415272275DD007EC94B /* Build configuration list for PBXNativeTarget "mvvmDemo" */;
			buildPhases = (
				6AED23FD272275DC007EC94B /* Sources */,
				6AED23FE272275DC007EC94B /* Frameworks */,
				6AED23FF272275DC007EC94B /* Resources */,
			);
			buildRules = (
			);
			dependencies = (
			);
			name = mvvmDemo;
			productName = mvvmDemo;
			productReference = 6AED2401272275DC007EC94B /* mvvmDemo.app */;
			productType = "com.apple.product-type.application";
		};
/* End PBXNativeTarget section */

/* Begin PBXProject section */
		6AED23F9272275DC007EC94B /* Project object */ = {
			isa = PBXProject;
			attributes = {
				BuildIndependentTargetsInParallel = 1;
				LastSwiftUpdateCheck = 1300;
				LastUpgradeCheck = 1300;
				TargetAttributes = {
					6A8B962B2726DA460066917E = {
						CreatedOnToolsVersion = 13.0;
						TestTargetID = 6AED2400272275DC007EC94B;
					};
					6A8B96382726DA600066917E = {
						CreatedOnToolsVersion = 13.0;
						TestTargetID = 6AED2400272275DC007EC94B;
					};
					6AED2400272275DC007EC94B = {
						CreatedOnToolsVersion = 13.0;
					};
				};
			};
			buildConfigurationList = 6AED23FC272275DC007EC94B /* Build configuration list for PBXProject "mvvmDemo" */;
			compatibilityVersion = "Xcode 13.0";
			developmentRegion = en;
			hasScannedForEncodings = 0;
			knownRegions = (
				en,
				Base,
			);
			mainGroup = 6AED23F8272275DC007EC94B;
			productRefGroup = 6AED2402272275DC007EC94B /* Products */;
			projectDirPath = "";
			projectRoot = "";
			targets = (
				6AED2400272275DC007EC94B /* mvvmDemo */,
				6A8B962B2726DA460066917E /* mvvmDemoTests */,
				6A8B96382726DA600066917E /* mvvmDemoUITests */,
			);
		};
/* End PBXProject section */

/* Begin PBXResourcesBuildPhase section */
		6A8B962A2726DA460066917E /* Resources */ = {
			isa = PBXResourcesBuildPhase;
			buildActionMask = 2147483647;
			files = (
			);
			runOnlyForDeploymentPostprocessing = 0;
		};
		6A8B96372726DA600066917E /* Resources */ = {
			isa = PBXResourcesBuildPhase;
			buildActionMask = 2147483647;
			files = (
			);
			runOnlyForDeploymentPostprocessing = 0;
		};
		6AED23FF272275DC007EC94B /* Resources */ = {
			isa = PBXResourcesBuildPhase;
			buildActionMask = 2147483647;
			files = (
				6AED2411272275DD007EC94B /* LaunchScreen.storyboard in Resources */,
				6AED240E272275DD007EC94B /* Assets.xcassets in Resources */,
				6AED240C272275DC007EC94B /* Main.storyboard in Resources */,
			);
			runOnlyForDeploymentPostprocessing = 0;
		};
/* End PBXResourcesBuildPhase section */

/* Begin PBXSourcesBuildPhase section */
		6A8B96282726DA460066917E /* Sources */ = {
			isa = PBXSourcesBuildPhase;
			buildActionMask = 2147483647;
			files = (
				6A8B962F2726DA460066917E /* mvvmDemoTests.swift in Sources */,
			);
			runOnlyForDeploymentPostprocessing = 0;
		};
		6A8B96352726DA600066917E /* Sources */ = {
			isa = PBXSourcesBuildPhase;
			buildActionMask = 2147483647;
			files = (
				6A8B963E2726DA600066917E /* mvvmDemoUITestsLaunchTests.swift in Sources */,
				6A8B963C2726DA600066917E /* mvvmDemoUITests.swift in Sources */,
			);
			runOnlyForDeploymentPostprocessing = 0;
		};
		6AED23FD272275DC007EC94B /* Sources */ = {
			isa = PBXSourcesBuildPhase;
			buildActionMask = 2147483647;
			files = (
				6AED2409272275DC007EC94B /* ViewController.swift in Sources */,
				6AED241A272277F9007EC94B /* Employees.swift in Sources */,
				6AED241D27227878007EC94B /* Parser.swift in Sources */,
				6AED2405272275DC007EC94B /* AppDelegate.swift in Sources */,
				6A8B96452726E47C0066917E /* Users.swift in Sources */,
				6AED2407272275DC007EC94B /* SceneDelegate.swift in Sources */,
			);
			runOnlyForDeploymentPostprocessing = 0;
		};
/* End PBXSourcesBuildPhase section */

/* Begin PBXTargetDependency section */
		6A8B96312726DA460066917E /* PBXTargetDependency */ = {
			isa = PBXTargetDependency;
			target = 6AED2400272275DC007EC94B /* mvvmDemo */;
			targetProxy = 6A8B96302726DA460066917E /* PBXContainerItemProxy */;
		};
		6A8B96402726DA600066917E /* PBXTargetDependency */ = {
			isa = PBXTargetDependency;
			target = 6AED2400272275DC007EC94B /* mvvmDemo */;
			targetProxy = 6A8B963F2726DA600066917E /* PBXContainerItemProxy */;
		};
/* End PBXTargetDependency section */

/* Begin PBXVariantGroup section */
		6AED240A272275DC007EC94B /* Main.storyboard */ = {
			isa = PBXVariantGroup;
			children = (
				6AED240B272275DC007EC94B /* Base */,
			);
			name = Main.storyboard;
			sourceTree = "<group>";
		};
		6AED240F272275DD007EC94B /* LaunchScreen.storyboard */ = {
			isa = PBXVariantGroup;
			children = (
				6AED2410272275DD007EC94B /* Base */,
			);
			name = LaunchScreen.storyboard;
			sourceTree = "<group>";
		};
/* End PBXVariantGroup section */

/* Begin XCBuildConfiguration section */
		6A8B96322726DA460066917E /* Debug */ = {
			isa = XCBuildConfiguration;
			buildSettings = {
				BUNDLE_LOADER = "$(TEST_HOST)";
				CODE_SIGN_STYLE = Automatic;
				CURRENT_PROJECT_VERSION = 1;
				GENERATE_INFOPLIST_FILE = YES;
				LD_RUNPATH_SEARCH_PATHS = (
					"$(inherited)",
					"@executable_path/Frameworks",
					"@loader_path/Frameworks",
				);
				MARKETING_VERSION = 1.0;
				PRODUCT_BUNDLE_IDENTIFIER = com.vasanth.mvvmDemoTests;
				PRODUCT_NAME = "$(TARGET_NAME)";
				SWIFT_EMIT_LOC_STRINGS = NO;
				SWIFT_VERSION = 5.0;
				TARGETED_DEVICE_FAMILY = "1,2";
				TEST_HOST = "$(BUILT_PRODUCTS_DIR)/mvvmDemo.app/mvvmDemo";
			};
			name = Debug;
		};
		6A8B96332726DA460066917E /* Release */ = {
			isa = XCBuildConfiguration;
			buildSettings = {
				BUNDLE_LOADER = "$(TEST_HOST)";
				CODE_SIGN_STYLE = Automatic;
				CURRENT_PROJECT_VERSION = 1;
				GENERATE_INFOPLIST_FILE = YES;
				LD_RUNPATH_SEARCH_PATHS = (
					"$(inherited)",
					"@executable_path/Frameworks",
					"@loader_path/Frameworks",
				);
				MARKETING_VERSION = 1.0;
				PRODUCT_BUNDLE_IDENTIFIER = com.vasanth.mvvmDemoTests;
				PRODUCT_NAME = "$(TARGET_NAME)";
				SWIFT_EMIT_LOC_STRINGS = NO;
				SWIFT_VERSION = 5.0;
				TARGETED_DEVICE_FAMILY = "1,2";
				TEST_HOST = "$(BUILT_PRODUCTS_DIR)/mvvmDemo.app/mvvmDemo";
			};
			name = Release;
		};
		6A8B96422726DA600066917E /* Debug */ = {
			isa = XCBuildConfiguration;
			buildSettings = {
				CODE_SIGN_STYLE = Automatic;
				CURRENT_PROJECT_VERSION = 1;
				GENERATE_INFOPLIST_FILE = YES;
				LD_RUNPATH_SEARCH_PATHS = (
					"$(inherited)",
					"@executable_path/Frameworks",
					"@loader_path/Frameworks",
				);
				MARKETING_VERSION = 1.0;
				PRODUCT_BUNDLE_IDENTIFIER = com.vasanth.mvvmDemoUITests;
				PRODUCT_NAME = "$(TARGET_NAME)";
				SWIFT_EMIT_LOC_STRINGS = NO;
				SWIFT_VERSION = 5.0;
				TARGETED_DEVICE_FAMILY = "1,2";
				TEST_TARGET_NAME = mvvmDemo;
			};
			name = Debug;
		};
		6A8B96432726DA600066917E /* Release */ = {
			isa = XCBuildConfiguration;
			buildSettings = {
				CODE_SIGN_STYLE = Automatic;
				CURRENT_PROJECT_VERSION = 1;
				GENERATE_INFOPLIST_FILE = YES;
				LD_RUNPATH_SEARCH_PATHS = (
					"$(inherited)",
					"@executable_path/Frameworks",
					"@loader_path/Frameworks",
				);
				MARKETING_VERSION = 1.0;
				PRODUCT_BUNDLE_IDENTIFIER = com.vasanth.mvvmDemoUITests;
				PRODUCT_NAME = "$(TARGET_NAME)";
				SWIFT_EMIT_LOC_STRINGS = NO;
				SWIFT_VERSION = 5.0;
				TARGETED_DEVICE_FAMILY = "1,2";
				TEST_TARGET_NAME = mvvmDemo;
			};
			name = Release;
		};
		6AED2413272275DD007EC94B /* Debug */ = {
			isa = XCBuildConfiguration;
			buildSettings = {
				ALWAYS_SEARCH_USER_PATHS = NO;
				CLANG_ANALYZER_NONNULL = YES;
				CLANG_ANALYZER_NUMBER_OBJECT_CONVERSION = YES_AGGRESSIVE;
				CLANG_CXX_LANGUAGE_STANDARD = "gnu++17";
				CLANG_CXX_LIBRARY = "libc++";
				CLANG_ENABLE_MODULES = YES;
				CLANG_ENABLE_OBJC_ARC = YES;
				CLANG_ENABLE_OBJC_WEAK = YES;
				CLANG_WARN_BLOCK_CAPTURE_AUTORELEASING = YES;
				CLANG_WARN_BOOL_CONVERSION = YES;
				CLANG_WARN_COMMA = YES;
				CLANG_WARN_CONSTANT_CONVERSION = YES;
				CLANG_WARN_DEPRECATED_OBJC_IMPLEMENTATIONS = YES;
				CLANG_WARN_DIRECT_OBJC_ISA_USAGE = YES_ERROR;
				CLANG_WARN_DOCUMENTATION_COMMENTS = YES;
				CLANG_WARN_EMPTY_BODY = YES;
				CLANG_WARN_ENUM_CONVERSION = YES;
				CLANG_WARN_INFINITE_RECURSION = YES;
				CLANG_WARN_INT_CONVERSION = YES;
				CLANG_WARN_NON_LITERAL_NULL_CONVERSION = YES;
				CLANG_WARN_OBJC_IMPLICIT_RETAIN_SELF = YES;
				CLANG_WARN_OBJC_LITERAL_CONVERSION = YES;
				CLANG_WARN_OBJC_ROOT_CLASS = YES_ERROR;
				CLANG_WARN_QUOTED_INCLUDE_IN_FRAMEWORK_HEADER = YES;
				CLANG_WARN_RANGE_LOOP_ANALYSIS = YES;
				CLANG_WARN_STRICT_PROTOTYPES = YES;
				CLANG_WARN_SUSPICIOUS_MOVE = YES;
				CLANG_WARN_UNGUARDED_AVAILABILITY = YES_AGGRESSIVE;
				CLANG_WARN_UNREACHABLE_CODE = YES;
				CLANG_WARN__DUPLICATE_METHOD_MATCH = YES;
				COPY_PHASE_STRIP = NO;
				DEBUG_INFORMATION_FORMAT = dwarf;
				ENABLE_STRICT_OBJC_MSGSEND = YES;
				ENABLE_TESTABILITY = YES;
				GCC_C_LANGUAGE_STANDARD = gnu11;
				GCC_DYNAMIC_NO_PIC = NO;
				GCC_NO_COMMON_BLOCKS = YES;
				GCC_OPTIMIZATION_LEVEL = 0;
				GCC_PREPROCESSOR_DEFINITIONS = (
					"DEBUG=1",
					"$(inherited)",
				);
				GCC_WARN_64_TO_32_BIT_CONVERSION = YES;
				GCC_WARN_ABOUT_RETURN_TYPE = YES_ERROR;
				GCC_WARN_UNDECLARED_SELECTOR = YES;
				GCC_WARN_UNINITIALIZED_AUTOS = YES_AGGRESSIVE;
				GCC_WARN_UNUSED_FUNCTION = YES;
				GCC_WARN_UNUSED_VARIABLE = YES;
				IPHONEOS_DEPLOYMENT_TARGET = 15.0;
				MTL_ENABLE_DEBUG_INFO = INCLUDE_SOURCE;
				MTL_FAST_MATH = YES;
				ONLY_ACTIVE_ARCH = YES;
				SDKROOT = iphoneos;
				SWIFT_ACTIVE_COMPILATION_CONDITIONS = DEBUG;
				SWIFT_OPTIMIZATION_LEVEL = "-Onone";
			};
			name = Debug;
		};
		6AED2414272275DD007EC94B /* Release */ = {
			isa = XCBuildConfiguration;
			buildSettings = {
				ALWAYS_SEARCH_USER_PATHS = NO;
				CLANG_ANALYZER_NONNULL = YES;
				CLANG_ANALYZER_NUMBER_OBJECT_CONVERSION = YES_AGGRESSIVE;
				CLANG_CXX_LANGUAGE_STANDARD = "gnu++17";
				CLANG_CXX_LIBRARY = "libc++";
				CLANG_ENABLE_MODULES = YES;
				CLANG_ENABLE_OBJC_ARC = YES;
				CLANG_ENABLE_OBJC_WEAK = YES;
				CLANG_WARN_BLOCK_CAPTURE_AUTORELEASING = YES;
				CLANG_WARN_BOOL_CONVERSION = YES;
				CLANG_WARN_COMMA = YES;
				CLANG_WARN_CONSTANT_CONVERSION = YES;
				CLANG_WARN_DEPRECATED_OBJC_IMPLEMENTATIONS = YES;
				CLANG_WARN_DIRECT_OBJC_ISA_USAGE = YES_ERROR;
				CLANG_WARN_DOCUMENTATION_COMMENTS = YES;
				CLANG_WARN_EMPTY_BODY = YES;
				CLANG_WARN_ENUM_CONVERSION = YES;
				CLANG_WARN_INFINITE_RECURSION = YES;
				CLANG_WARN_INT_CONVERSION = YES;
				CLANG_WARN_NON_LITERAL_NULL_CONVERSION = YES;
				CLANG_WARN_OBJC_IMPLICIT_RETAIN_SELF = YES;
				CLANG_WARN_OBJC_LITERAL_CONVERSION = YES;
				CLANG_WARN_OBJC_ROOT_CLASS = YES_ERROR;
				CLANG_WARN_QUOTED_INCLUDE_IN_FRAMEWORK_HEADER = YES;
				CLANG_WARN_RANGE_LOOP_ANALYSIS = YES;
				CLANG_WARN_STRICT_PROTOTYPES = YES;
				CLANG_WARN_SUSPICIOUS_MOVE = YES;
				CLANG_WARN_UNGUARDED_AVAILABILITY = YES_AGGRESSIVE;
				CLANG_WARN_UNREACHABLE_CODE = YES;
				CLANG_WARN__DUPLICATE_METHOD_MATCH = YES;
				COPY_PHASE_STRIP = NO;
				DEBUG_INFORMATION_FORMAT = "dwarf-with-dsym";
				ENABLE_NS_ASSERTIONS = NO;
				ENABLE_STRICT_OBJC_MSGSEND = YES;
				GCC_C_LANGUAGE_STANDARD = gnu11;
				GCC_NO_COMMON_BLOCKS = YES;
				GCC_WARN_64_TO_32_BIT_CONVERSION = YES;
				GCC_WARN_ABOUT_RETURN_TYPE = YES_ERROR;
				GCC_WARN_UNDECLARED_SELECTOR = YES;
				GCC_WARN_UNINITIALIZED_AUTOS = YES_AGGRESSIVE;
				GCC_WARN_UNUSED_FUNCTION = YES;
				GCC_WARN_UNUSED_VARIABLE = YES;
				IPHONEOS_DEPLOYMENT_TARGET = 15.0;
				MTL_ENABLE_DEBUG_INFO = NO;
				MTL_FAST_MATH = YES;
				SDKROOT = iphoneos;
				SWIFT_COMPILATION_MODE = wholemodule;
				SWIFT_OPTIMIZATION_LEVEL = "-O";
				VALIDATE_PRODUCT = YES;
			};
			name = Release;
		};
		6AED2416272275DD007EC94B /* Debug */ = {
			isa = XCBuildConfiguration;
			buildSettings = {
				ASSETCATALOG_COMPILER_APPICON_NAME = AppIcon;
				ASSETCATALOG_COMPILER_GLOBAL_ACCENT_COLOR_NAME = AccentColor;
				CODE_SIGN_STYLE = Automatic;
				CURRENT_PROJECT_VERSION = 1;
				GENERATE_INFOPLIST_FILE = YES;
				INFOPLIST_FILE = mvvmDemo/Info.plist;
				INFOPLIST_KEY_UIApplicationSupportsIndirectInputEvents = YES;
				INFOPLIST_KEY_UILaunchStoryboardName = LaunchScreen;
				INFOPLIST_KEY_UIMainStoryboardFile = Main;
				INFOPLIST_KEY_UISupportedInterfaceOrientations_iPad = "UIInterfaceOrientationPortrait UIInterfaceOrientationPortraitUpsideDown UIInterfaceOrientationLandscapeLeft UIInterfaceOrientationLandscapeRight";
				INFOPLIST_KEY_UISupportedInterfaceOrientations_iPhone = "UIInterfaceOrientationPortrait UIInterfaceOrientationLandscapeLeft UIInterfaceOrientationLandscapeRight";
				LD_RUNPATH_SEARCH_PATHS = (
					"$(inherited)",
					"@executable_path/Frameworks",
				);
				MARKETING_VERSION = 1.0;
				PRODUCT_BUNDLE_IDENTIFIER = com.vasanth.mvvmDemo;
				PRODUCT_NAME = "$(TARGET_NAME)";
				SWIFT_EMIT_LOC_STRINGS = YES;
				SWIFT_VERSION = 5.0;
				TARGETED_DEVICE_FAMILY = "1,2";
			};
			name = Debug;
		};
		6AED2417272275DD007EC94B /* Release */ = {
			isa = XCBuildConfiguration;
			buildSettings = {
				ASSETCATALOG_COMPILER_APPICON_NAME = AppIcon;
				ASSETCATALOG_COMPILER_GLOBAL_ACCENT_COLOR_NAME = AccentColor;
				CODE_SIGN_STYLE = Automatic;
				CURRENT_PROJECT_VERSION = 1;
				GENERATE_INFOPLIST_FILE = YES;
				INFOPLIST_FILE = mvvmDemo/Info.plist;
				INFOPLIST_KEY_UIApplicationSupportsIndirectInputEvents = YES;
				INFOPLIST_KEY_UILaunchStoryboardName = LaunchScreen;
				INFOPLIST_KEY_UIMainStoryboardFile = Main;
				INFOPLIST_KEY_UISupportedInterfaceOrientations_iPad = "UIInterfaceOrientationPortrait UIInterfaceOrientationPortraitUpsideDown UIInterfaceOrientationLandscapeLeft UIInterfaceOrientationLandscapeRight";
				INFOPLIST_KEY_UISupportedInterfaceOrientations_iPhone = "UIInterfaceOrientationPortrait UIInterfaceOrientationLandscapeLeft UIInterfaceOrientationLandscapeRight";
				LD_RUNPATH_SEARCH_PATHS = (
					"$(inherited)",
					"@executable_path/Frameworks",
				);
				MARKETING_VERSION = 1.0;
				PRODUCT_BUNDLE_IDENTIFIER = com.vasanth.mvvmDemo;
				PRODUCT_NAME = "$(TARGET_NAME)";
				SWIFT_EMIT_LOC_STRINGS = YES;
				SWIFT_VERSION = 5.0;
				TARGETED_DEVICE_FAMILY = "1,2";
			};
			name = Release;
		};
/* End XCBuildConfiguration section */

/* Begin XCConfigurationList section */
		6A8B96342726DA460066917E /* Build configuration list for PBXNativeTarget "mvvmDemoTests" */ = {
			isa = XCConfigurationList;
			buildConfigurations = (
				6A8B96322726DA460066917E /* Debug */,
				6A8B96332726DA460066917E /* Release */,
			);
			defaultConfigurationIsVisible = 0;
			defaultConfigurationName = Release;
		};
		6A8B96412726DA600066917E /* Build configuration list for PBXNativeTarget "mvvmDemoUITests" */ = {
			isa = XCConfigurationList;
			buildConfigurations = (
				6A8B96422726DA600066917E /* Debug */,
				6A8B96432726DA600066917E /* Release */,
			);
			defaultConfigurationIsVisible = 0;
			defaultConfigurationName = Release;
		};
		6AED23FC272275DC007EC94B /* Build configuration list for PBXProject "mvvmDemo" */ = {
			isa = XCConfigurationList;
			buildConfigurations = (
				6AED2413272275DD007EC94B /* Debug */,
				6AED2414272275DD007EC94B /* Release */,
			);
			defaultConfigurationIsVisible = 0;
			defaultConfigurationName = Release;
		};
		6AED2415272275DD007EC94B /* Build configuration list for PBXNativeTarget "mvvmDemo" */ = {
			isa = XCConfigurationList;
			buildConfigurations = (
				6AED2416272275DD007EC94B /* Debug */,
				6AED2417272275DD007EC94B /* Release */,
			);
			defaultConfigurationIsVisible = 0;
			defaultConfigurationName = Release;
		};
/* End XCConfigurationList section */
	};
	rootObject = 6AED23F9272275DC007EC94B /* Project object */;
}
